Microsoft Visual Studio Solution File, Format Version 11.00
# Visual Studio 2008

Project("{91969A84-D8C4-877B-112A-2EBA963D2F2F}") = "GGJ17_Tsunami", "Assembly-CSharp.csproj", "{15032604-20D6-78DC-D146-B62026CFBF11}"
EndProject
Global
	GlobalSection(SolutionConfigurationPlatforms) = preSolution
		Debug|Any CPU = Debug|Any CPU
		Release|Any CPU = Release|Any CPU
	EndGlobalSection
	GlobalSection(ProjectConfigurationPlatforms) = postSolution
		{15032604-20D6-78DC-D146-B62026CFBF11}.Debug|Any CPU.ActiveCfg = Debug|Any CPU
		{15032604-20D6-78DC-D146-B62026CFBF11}.Debug|Any CPU.Build.0 = Debug|Any CPU
		{15032604-20D6-78DC-D146-B62026CFBF11}.Release|Any CPU.ActiveCfg = Release|Any CPU
		{15032604-20D6-78DC-D146-B62026CFBF11}.Release|Any CPU.Build.0 = Release|Any CPU
	EndGlobalSection
	GlobalSection(SolutionProperties) = preSolution
		HideSolutionNode = FALSE
	EndGlobalSection
	GlobalSection(MonoDevelopProperties) = preSolution
		StartupItem = Assembly-CSharp.csproj
	EndGlobalSection
EndGlobal
